// !$*UTF8*$!
{
	archiveVersion = 1;
	classes = {
	};
	objectVersion = 46;
	objects = {

/* Begin PBXBuildFile section */
		8219A17A1A622ADD00933D54 /* Accounts.framework in Frameworks */ = {isa = PBXBuildFile; fileRef = 8219A1771A622ADD00933D54 /* Accounts.framework */; };
		8219A17B1A622ADD00933D54 /* AudioToolbox.framework in Frameworks */ = {isa = PBXBuildFile; fileRef = 8219A1781A622ADD00933D54 /* AudioToolbox.framework */; };
		8219A17C1A622ADD00933D54 /* CFNetwork.framework in Frameworks */ = {isa = PBXBuildFile; fileRef = 8219A1791A622ADD00933D54 /* CFNetwork.framework */; };
		8219A17F1A622AF600933D54 /* CoreGraphics.framework in Frameworks */ = {isa = PBXBuildFile; fileRef = 8219A17D1A622AF600933D54 /* CoreGraphics.framework */; };
		8219A1801A622AF600933D54 /* CoreLocation.framework in Frameworks */ = {isa = PBXBuildFile; fileRef = 8219A17E1A622AF600933D54 /* CoreLocation.framework */; };
		8219A1821A622AFE00933D54 /* MobileCoreServices.framework in Frameworks */ = {isa = PBXBuildFile; fileRef = 8219A1811A622AFE00933D54 /* MobileCoreServices.framework */; };
		8219A1841A622B0600933D54 /* QuartzCore.framework in Frameworks */ = {isa = PBXBuildFile; fileRef = 8219A1831A622B0600933D54 /* QuartzCore.framework */; };
		8219A1861A622B0B00933D54 /* Security.framework in Frameworks */ = {isa = PBXBuildFile; fileRef = 8219A1851A622B0B00933D54 /* Security.framework */; };
		8219A1881A622B1200933D54 /* Social.framework in Frameworks */ = {isa = PBXBuildFile; fileRef = 8219A1871A622B1200933D54 /* Social.framework */; };
		8219A18C1A622B1F00933D54 /* SystemConfiguration.framework in Frameworks */ = {isa = PBXBuildFile; fileRef = 8219A18B1A622B1F00933D54 /* SystemConfiguration.framework */; };
		8219A18E1A622B2A00933D54 /* libz.dylib in Frameworks */ = {isa = PBXBuildFile; fileRef = 8219A18D1A622B2A00933D54 /* libz.dylib */; };
		8219A1901A622B3400933D54 /* libsqlite3.dylib in Frameworks */ = {isa = PBXBuildFile; fileRef = 8219A18F1A622B3400933D54 /* libsqlite3.dylib */; };
		827E9CC51A742BB600DC4D4E /* MapKit.framework in Frameworks */ = {isa = PBXBuildFile; fileRef = 827E9CC41A742BB600DC4D4E /* MapKit.framework */; };
		82AE29D51A75A6A80004FDB3 /* ScheduleViewController.swift in Sources */ = {isa = PBXBuildFile; fileRef = 82AE29D41A75A6A80004FDB3 /* ScheduleViewController.swift */; };
		82BC51011A60F3E1002503F1 /* Bolts.framework in Frameworks */ = {isa = PBXBuildFile; fileRef = 82BC50FC1A60F3E1002503F1 /* Bolts.framework */; };
		82BC51021A60F3E1002503F1 /* Parse.framework in Frameworks */ = {isa = PBXBuildFile; fileRef = 82BC50FD1A60F3E1002503F1 /* Parse.framework */; };
		82BC51031A60F3E1002503F1 /* ParseCrashReporting.framework in Frameworks */ = {isa = PBXBuildFile; fileRef = 82BC50FE1A60F3E1002503F1 /* ParseCrashReporting.framework */; };
		82BC51041A60F3E1002503F1 /* ParseFacebookUtils.framework in Frameworks */ = {isa = PBXBuildFile; fileRef = 82BC50FF1A60F3E1002503F1 /* ParseFacebookUtils.framework */; };
		82BC51051A60F3E1002503F1 /* ParseUI.framework in Frameworks */ = {isa = PBXBuildFile; fileRef = 82BC51001A60F3E1002503F1 /* ParseUI.framework */; };
		82BED9D21AF5E24B00F99682 /* EventCell.swift in Sources */ = {isa = PBXBuildFile; fileRef = 82BED9D01AF5E24B00F99682 /* EventCell.swift */; };
		82C4E96F1AAFD8F100CB0375 /* BorderButton.swift in Sources */ = {isa = PBXBuildFile; fileRef = 82C4E96E1AAFD8F100CB0375 /* BorderButton.swift */; };
		82D8E7601A89AF86008DA016 /* Globals.swift in Sources */ = {isa = PBXBuildFile; fileRef = 82D8E75F1A89AF86008DA016 /* Globals.swift */; };
		E511F9641A60ED9100C93E86 /* AppDelegate.swift in Sources */ = {isa = PBXBuildFile; fileRef = E511F9631A60ED9100C93E86 /* AppDelegate.swift */; };
		E511F9661A60ED9100C93E86 /* NewsViewController.swift in Sources */ = {isa = PBXBuildFile; fileRef = E511F9651A60ED9100C93E86 /* NewsViewController.swift */; };
		E511F9681A60ED9100C93E86 /* MapViewController.swift in Sources */ = {isa = PBXBuildFile; fileRef = E511F9671A60ED9100C93E86 /* MapViewController.swift */; };
		E511F96B1A60ED9100C93E86 /* Main.storyboard in Resources */ = {isa = PBXBuildFile; fileRef = E511F9691A60ED9100C93E86 /* Main.storyboard */; };
		E511F96D1A60ED9100C93E86 /* Images.xcassets in Resources */ = {isa = PBXBuildFile; fileRef = E511F96C1A60ED9100C93E86 /* Images.xcassets */; };
		E511F9701A60ED9100C93E86 /* LaunchScreen.xib in Resources */ = {isa = PBXBuildFile; fileRef = E511F96E1A60ED9100C93E86 /* LaunchScreen.xib */; };
		E511F9871A62FE3C00C93E86 /* NewsObject.swift in Sources */ = {isa = PBXBuildFile; fileRef = E511F9861A62FE3C00C93E86 /* NewsObject.swift */; };
		E511F9891A63008E00C93E86 /* EventInfoObject.swift in Sources */ = {isa = PBXBuildFile; fileRef = E511F9881A63008E00C93E86 /* EventInfoObject.swift */; };
		E511F98B1A63011F00C93E86 /* MapObject.swift in Sources */ = {isa = PBXBuildFile; fileRef = E511F98A1A63011F00C93E86 /* MapObject.swift */; };
		E52F8E171AB17551003269AC /* ggparkflyover@2x.jpg in Resources */ = {isa = PBXBuildFile; fileRef = E52F8E161AB17551003269AC /* ggparkflyover@2x.jpg */; };
		E537AD451A8B357B00275387 /* View+Snap.swift in Sources */ = {isa = PBXBuildFile; fileRef = E537AD3D1A8B357B00275387 /* View+Snap.swift */; };
		E537AD461A8B357B00275387 /* ConstraintMaker.swift in Sources */ = {isa = PBXBuildFile; fileRef = E537AD3E1A8B357B00275387 /* ConstraintMaker.swift */; };
		E537AD471A8B357B00275387 /* Constraint.swift in Sources */ = {isa = PBXBuildFile; fileRef = E537AD3F1A8B357B00275387 /* Constraint.swift */; };
		E537AD481A8B357B00275387 /* ConstraintItem.swift in Sources */ = {isa = PBXBuildFile; fileRef = E537AD401A8B357B00275387 /* ConstraintItem.swift */; };
		E537AD491A8B357B00275387 /* ConstraintAttributes.swift in Sources */ = {isa = PBXBuildFile; fileRef = E537AD411A8B357B00275387 /* ConstraintAttributes.swift */; };
		E537AD4A1A8B357B00275387 /* ConstraintRelation.swift in Sources */ = {isa = PBXBuildFile; fileRef = E537AD421A8B357B00275387 /* ConstraintRelation.swift */; };
		E537AD4B1A8B357B00275387 /* LayoutConstraint.swift in Sources */ = {isa = PBXBuildFile; fileRef = E537AD431A8B357B00275387 /* LayoutConstraint.swift */; };
		E537AD4C1A8B357B00275387 /* EdgeInsets.swift in Sources */ = {isa = PBXBuildFile; fileRef = E537AD441A8B357B00275387 /* EdgeInsets.swift */; };
		E55CABD71A7894F500CF75E6 /* NewsCell.swift in Sources */ = {isa = PBXBuildFile; fileRef = E55CABD61A7894F500CF75E6 /* NewsCell.swift */; };
		E56972EA1A89B59F00791EBF /* MainNavigationController.swift in Sources */ = {isa = PBXBuildFile; fileRef = E56972E91A89B59F00791EBF /* MainNavigationController.swift */; };
		E56972EC1A89B92300791EBF /* navigation-top-bar-logo.png in Resources */ = {isa = PBXBuildFile; fileRef = E56972EB1A89B92300791EBF /* navigation-top-bar-logo.png */; };
		E56972EE1A89BC3C00791EBF /* home-BG.jpg in Resources */ = {isa = PBXBuildFile; fileRef = E56972ED1A89BC3C00791EBF /* home-BG.jpg */; };
		E56972F51A89C52100791EBF /* home-icon-active@2x.png in Resources */ = {isa = PBXBuildFile; fileRef = E56972EF1A89C52100791EBF /* home-icon-active@2x.png */; };
		E56972F61A89C52100791EBF /* home-icon@2x.png in Resources */ = {isa = PBXBuildFile; fileRef = E56972F01A89C52100791EBF /* home-icon@2x.png */; };
		E56972F71A89C52100791EBF /* location-icon-active@2x.png in Resources */ = {isa = PBXBuildFile; fileRef = E56972F11A89C52100791EBF /* location-icon-active@2x.png */; };
		E56972F81A89C52100791EBF /* location-icon@2x.png in Resources */ = {isa = PBXBuildFile; fileRef = E56972F21A89C52100791EBF /* location-icon@2x.png */; };
		E56972F91A89C52100791EBF /* schedule-icon-active@2x.png in Resources */ = {isa = PBXBuildFile; fileRef = E56972F31A89C52100791EBF /* schedule-icon-active@2x.png */; };
		E56972FA1A89C52100791EBF /* schedule-icon@2x.png in Resources */ = {isa = PBXBuildFile; fileRef = E56972F41A89C52100791EBF /* schedule-icon@2x.png */; };
		E59073111AE88446002C2787 /* ArtistObject.swift in Sources */ = {isa = PBXBuildFile; fileRef = E59073101AE88446002C2787 /* ArtistObject.swift */; };
		E59073131AE88701002C2787 /* EventObject.swift in Sources */ = {isa = PBXBuildFile; fileRef = E59073121AE88701002C2787 /* EventObject.swift */; };
		E59073151AE88A02002C2787 /* LocationObject.swift in Sources */ = {isa = PBXBuildFile; fileRef = E59073141AE88A02002C2787 /* LocationObject.swift */; };
		E5CCE5ED1A89A662000BE6B8 /* LaunchScreen1.jpg in Resources */ = {isa = PBXBuildFile; fileRef = E5CCE5EC1A89A662000BE6B8 /* LaunchScreen1.jpg */; };
		E5D384EF1AAFE1630066E9E3 /* cableCar1@2x.jpg in Resources */ = {isa = PBXBuildFile; fileRef = E5D384EE1AAFE1630066E9E3 /* cableCar1@2x.jpg */; };
/* End PBXBuildFile section */

/* Begin PBXFileReference section */
		8219A1771A622ADD00933D54 /* Accounts.framework */ = {isa = PBXFileReference; lastKnownFileType = wrapper.framework; name = Accounts.framework; path = System/Library/Frameworks/Accounts.framework; sourceTree = SDKROOT; };
		8219A1781A622ADD00933D54 /* AudioToolbox.framework */ = {isa = PBXFileReference; lastKnownFileType = wrapper.framework; name = AudioToolbox.framework; path = System/Library/Frameworks/AudioToolbox.framework; sourceTree = SDKROOT; };
		8219A1791A622ADD00933D54 /* CFNetwork.framework */ = {isa = PBXFileReference; lastKnownFileType = wrapper.framework; name = CFNetwork.framework; path = System/Library/Frameworks/CFNetwork.framework; sourceTree = SDKROOT; };
		8219A17D1A622AF600933D54 /* CoreGraphics.framework */ = {isa = PBXFileReference; lastKnownFileType = wrapper.framework; name = CoreGraphics.framework; path = System/Library/Frameworks/CoreGraphics.framework; sourceTree = SDKROOT; };
		8219A17E1A622AF600933D54 /* CoreLocation.framework */ = {isa = PBXFileReference; lastKnownFileType = wrapper.framework; name = CoreLocation.framework; path = System/Library/Frameworks/CoreLocation.framework; sourceTree = SDKROOT; };
		8219A1811A622AFE00933D54 /* MobileCoreServices.framework */ = {isa = PBXFileReference; lastKnownFileType = wrapper.framework; name = MobileCoreServices.framework; path = System/Library/Frameworks/MobileCoreServices.framework; sourceTree = SDKROOT; };
		8219A1831A622B0600933D54 /* QuartzCore.framework */ = {isa = PBXFileReference; lastKnownFileType = wrapper.framework; name = QuartzCore.framework; path = System/Library/Frameworks/QuartzCore.framework; sourceTree = SDKROOT; };
		8219A1851A622B0B00933D54 /* Security.framework */ = {isa = PBXFileReference; lastKnownFileType = wrapper.framework; name = Security.framework; path = System/Library/Frameworks/Security.framework; sourceTree = SDKROOT; };
		8219A1871A622B1200933D54 /* Social.framework */ = {isa = PBXFileReference; lastKnownFileType = wrapper.framework; name = Social.framework; path = System/Library/Frameworks/Social.framework; sourceTree = SDKROOT; };
		8219A18B1A622B1F00933D54 /* SystemConfiguration.framework */ = {isa = PBXFileReference; lastKnownFileType = wrapper.framework; name = SystemConfiguration.framework; path = System/Library/Frameworks/SystemConfiguration.framework; sourceTree = SDKROOT; };
		8219A18D1A622B2A00933D54 /* libz.dylib */ = {isa = PBXFileReference; lastKnownFileType = "compiled.mach-o.dylib"; name = libz.dylib; path = usr/lib/libz.dylib; sourceTree = SDKROOT; };
		8219A18F1A622B3400933D54 /* libsqlite3.dylib */ = {isa = PBXFileReference; lastKnownFileType = "compiled.mach-o.dylib"; name = libsqlite3.dylib; path = usr/lib/libsqlite3.dylib; sourceTree = SDKROOT; };
		827E9CC41A742BB600DC4D4E /* MapKit.framework */ = {isa = PBXFileReference; lastKnownFileType = wrapper.framework; name = MapKit.framework; path = System/Library/Frameworks/MapKit.framework; sourceTree = SDKROOT; };
		82AE29D41A75A6A80004FDB3 /* ScheduleViewController.swift */ = {isa = PBXFileReference; fileEncoding = 4; lastKnownFileType = sourcecode.swift; path = ScheduleViewController.swift; sourceTree = "<group>"; };
		82BC50FC1A60F3E1002503F1 /* Bolts.framework */ = {isa = PBXFileReference; lastKnownFileType = wrapper.framework; name = Bolts.framework; path = ../Frameworks/Bolts.framework; sourceTree = "<group>"; };
		82BC50FD1A60F3E1002503F1 /* Parse.framework */ = {isa = PBXFileReference; lastKnownFileType = wrapper.framework; name = Parse.framework; path = ../Frameworks/Parse.framework; sourceTree = "<group>"; };
		82BC50FE1A60F3E1002503F1 /* ParseCrashReporting.framework */ = {isa = PBXFileReference; lastKnownFileType = wrapper.framework; name = ParseCrashReporting.framework; path = ../Frameworks/ParseCrashReporting.framework; sourceTree = "<group>"; };
		82BC50FF1A60F3E1002503F1 /* ParseFacebookUtils.framework */ = {isa = PBXFileReference; lastKnownFileType = wrapper.framework; name = ParseFacebookUtils.framework; path = ../Frameworks/ParseFacebookUtils.framework; sourceTree = "<group>"; };
		82BC51001A60F3E1002503F1 /* ParseUI.framework */ = {isa = PBXFileReference; lastKnownFileType = wrapper.framework; name = ParseUI.framework; path = ../Frameworks/ParseUI.framework; sourceTree = "<group>"; };
		82BED9D01AF5E24B00F99682 /* EventCell.swift */ = {isa = PBXFileReference; fileEncoding = 4; lastKnownFileType = sourcecode.swift; path = EventCell.swift; sourceTree = "<group>"; };
		82C4E96E1AAFD8F100CB0375 /* BorderButton.swift */ = {isa = PBXFileReference; fileEncoding = 4; lastKnownFileType = sourcecode.swift; path = BorderButton.swift; sourceTree = "<group>"; };
		82D8E75F1A89AF86008DA016 /* Globals.swift */ = {isa = PBXFileReference; fileEncoding = 4; lastKnownFileType = sourcecode.swift; path = Globals.swift; sourceTree = "<group>"; };
		E511F95E1A60ED9100C93E86 /* neekon.app */ = {isa = PBXFileReference; explicitFileType = wrapper.application; includeInIndex = 0; path = neekon.app; sourceTree = BUILT_PRODUCTS_DIR; };
		E511F9621A60ED9100C93E86 /* Info.plist */ = {isa = PBXFileReference; lastKnownFileType = text.plist.xml; path = Info.plist; sourceTree = "<group>"; };
		E511F9631A60ED9100C93E86 /* AppDelegate.swift */ = {isa = PBXFileReference; lastKnownFileType = sourcecode.swift; path = AppDelegate.swift; sourceTree = "<group>"; };
		E511F9651A60ED9100C93E86 /* NewsViewController.swift */ = {isa = PBXFileReference; lastKnownFileType = sourcecode.swift; path = NewsViewController.swift; sourceTree = "<group>"; };
		E511F9671A60ED9100C93E86 /* MapViewController.swift */ = {isa = PBXFileReference; lastKnownFileType = sourcecode.swift; path = MapViewController.swift; sourceTree = "<group>"; };
		E511F96A1A60ED9100C93E86 /* Base */ = {isa = PBXFileReference; lastKnownFileType = file.storyboard; name = Base; path = Base.lproj/Main.storyboard; sourceTree = "<group>"; };
		E511F96C1A60ED9100C93E86 /* Images.xcassets */ = {isa = PBXFileReference; lastKnownFileType = folder.assetcatalog; path = Images.xcassets; sourceTree = "<group>"; };
		E511F96F1A60ED9100C93E86 /* Base */ = {isa = PBXFileReference; lastKnownFileType = file.xib; name = Base; path = Base.lproj/LaunchScreen.xib; sourceTree = "<group>"; };
		E511F9861A62FE3C00C93E86 /* NewsObject.swift */ = {isa = PBXFileReference; fileEncoding = 4; lastKnownFileType = sourcecode.swift; path = NewsObject.swift; sourceTree = "<group>"; };
		E511F9881A63008E00C93E86 /* EventInfoObject.swift */ = {isa = PBXFileReference; fileEncoding = 4; lastKnownFileType = sourcecode.swift; path = EventInfoObject.swift; sourceTree = "<group>"; };
		E511F98A1A63011F00C93E86 /* MapObject.swift */ = {isa = PBXFileReference; fileEncoding = 4; lastKnownFileType = sourcecode.swift; path = MapObject.swift; sourceTree = "<group>"; };
		E52F8E161AB17551003269AC /* ggparkflyover@2x.jpg */ = {isa = PBXFileReference; lastKnownFileType = image.jpeg; path = "ggparkflyover@2x.jpg"; sourceTree = "<group>"; };
		E537AD3D1A8B357B00275387 /* View+Snap.swift */ = {isa = PBXFileReference; fileEncoding = 4; lastKnownFileType = sourcecode.swift; path = "View+Snap.swift"; sourceTree = "<group>"; };
		E537AD3E1A8B357B00275387 /* ConstraintMaker.swift */ = {isa = PBXFileReference; fileEncoding = 4; lastKnownFileType = sourcecode.swift; path = ConstraintMaker.swift; sourceTree = "<group>"; };
		E537AD3F1A8B357B00275387 /* Constraint.swift */ = {isa = PBXFileReference; fileEncoding = 4; lastKnownFileType = sourcecode.swift; path = Constraint.swift; sourceTree = "<group>"; };
		E537AD401A8B357B00275387 /* ConstraintItem.swift */ = {isa = PBXFileReference; fileEncoding = 4; lastKnownFileType = sourcecode.swift; path = ConstraintItem.swift; sourceTree = "<group>"; };
		E537AD411A8B357B00275387 /* ConstraintAttributes.swift */ = {isa = PBXFileReference; fileEncoding = 4; lastKnownFileType = sourcecode.swift; path = ConstraintAttributes.swift; sourceTree = "<group>"; };
		E537AD421A8B357B00275387 /* ConstraintRelation.swift */ = {isa = PBXFileReference; fileEncoding = 4; lastKnownFileType = sourcecode.swift; path = ConstraintRelation.swift; sourceTree = "<group>"; };
		E537AD431A8B357B00275387 /* LayoutConstraint.swift */ = {isa = PBXFileReference; fileEncoding = 4; lastKnownFileType = sourcecode.swift; path = LayoutConstraint.swift; sourceTree = "<group>"; };
		E537AD441A8B357B00275387 /* EdgeInsets.swift */ = {isa = PBXFileReference; fileEncoding = 4; lastKnownFileType = sourcecode.swift; path = EdgeInsets.swift; sourceTree = "<group>"; };
		E55CABD61A7894F500CF75E6 /* NewsCell.swift */ = {isa = PBXFileReference; fileEncoding = 4; lastKnownFileType = sourcecode.swift; path = NewsCell.swift; sourceTree = "<group>"; };
		E56972E91A89B59F00791EBF /* MainNavigationController.swift */ = {isa = PBXFileReference; fileEncoding = 4; lastKnownFileType = sourcecode.swift; path = MainNavigationController.swift; sourceTree = "<group>"; };
		E56972EB1A89B92300791EBF /* navigation-top-bar-logo.png */ = {isa = PBXFileReference; lastKnownFileType = image.png; path = "navigation-top-bar-logo.png"; sourceTree = "<group>"; };
		E56972ED1A89BC3C00791EBF /* home-BG.jpg */ = {isa = PBXFileReference; lastKnownFileType = image.jpeg; path = "home-BG.jpg"; sourceTree = "<group>"; };
		E56972EF1A89C52100791EBF /* home-icon-active@2x.png */ = {isa = PBXFileReference; lastKnownFileType = image.png; path = "home-icon-active@2x.png"; sourceTree = "<group>"; };
		E56972F01A89C52100791EBF /* home-icon@2x.png */ = {isa = PBXFileReference; lastKnownFileType = image.png; path = "home-icon@2x.png"; sourceTree = "<group>"; };
		E56972F11A89C52100791EBF /* location-icon-active@2x.png */ = {isa = PBXFileReference; lastKnownFileType = image.png; path = "location-icon-active@2x.png"; sourceTree = "<group>"; };
		E56972F21A89C52100791EBF /* location-icon@2x.png */ = {isa = PBXFileReference; lastKnownFileType = image.png; path = "location-icon@2x.png"; sourceTree = "<group>"; };
		E56972F31A89C52100791EBF /* schedule-icon-active@2x.png */ = {isa = PBXFileReference; lastKnownFileType = image.png; path = "schedule-icon-active@2x.png"; sourceTree = "<group>"; };
		E56972F41A89C52100791EBF /* schedule-icon@2x.png */ = {isa = PBXFileReference; lastKnownFileType = image.png; path = "schedule-icon@2x.png"; sourceTree = "<group>"; };
		E59073101AE88446002C2787 /* ArtistObject.swift */ = {isa = PBXFileReference; fileEncoding = 4; lastKnownFileType = sourcecode.swift; path = ArtistObject.swift; sourceTree = "<group>"; };
		E59073121AE88701002C2787 /* EventObject.swift */ = {isa = PBXFileReference; fileEncoding = 4; lastKnownFileType = sourcecode.swift; path = EventObject.swift; sourceTree = "<group>"; };
		E59073141AE88A02002C2787 /* LocationObject.swift */ = {isa = PBXFileReference; fileEncoding = 4; lastKnownFileType = sourcecode.swift; path = LocationObject.swift; sourceTree = "<group>"; };
		E5CCE5EC1A89A662000BE6B8 /* LaunchScreen1.jpg */ = {isa = PBXFileReference; lastKnownFileType = image.jpeg; path = LaunchScreen1.jpg; sourceTree = "<group>"; };
		E5D384EE1AAFE1630066E9E3 /* cableCar1@2x.jpg */ = {isa = PBXFileReference; lastKnownFileType = image.jpeg; path = "cableCar1@2x.jpg"; sourceTree = "<group>"; };
/* End PBXFileReference section */

/* Begin PBXFrameworksBuildPhase section */
		E511F95B1A60ED9100C93E86 /* Frameworks */ = {
			isa = PBXFrameworksBuildPhase;
			buildActionMask = 2147483647;
			files = (
				827E9CC51A742BB600DC4D4E /* MapKit.framework in Frameworks */,
				8219A1901A622B3400933D54 /* libsqlite3.dylib in Frameworks */,
				8219A18E1A622B2A00933D54 /* libz.dylib in Frameworks */,
				8219A18C1A622B1F00933D54 /* SystemConfiguration.framework in Frameworks */,
				8219A1881A622B1200933D54 /* Social.framework in Frameworks */,
				8219A1861A622B0B00933D54 /* Security.framework in Frameworks */,
				8219A1841A622B0600933D54 /* QuartzCore.framework in Frameworks */,
				8219A1821A622AFE00933D54 /* MobileCoreServices.framework in Frameworks */,
				8219A17F1A622AF600933D54 /* CoreGraphics.framework in Frameworks */,
				8219A1801A622AF600933D54 /* CoreLocation.framework in Frameworks */,
				8219A17A1A622ADD00933D54 /* Accounts.framework in Frameworks */,
				8219A17B1A622ADD00933D54 /* AudioToolbox.framework in Frameworks */,
				8219A17C1A622ADD00933D54 /* CFNetwork.framework in Frameworks */,
				82BC51021A60F3E1002503F1 /* Parse.framework in Frameworks */,
				82BC51031A60F3E1002503F1 /* ParseCrashReporting.framework in Frameworks */,
				82BC51051A60F3E1002503F1 /* ParseUI.framework in Frameworks */,
				82BC51041A60F3E1002503F1 /* ParseFacebookUtils.framework in Frameworks */,
				82BC51011A60F3E1002503F1 /* Bolts.framework in Frameworks */,
			);
			runOnlyForDeploymentPostprocessing = 0;
		};
/* End PBXFrameworksBuildPhase section */

/* Begin PBXGroup section */
		E5050FF11A709F9600ACFF66 /* Frameworks */ = {
			isa = PBXGroup;
			children = (
				827E9CC41A742BB600DC4D4E /* MapKit.framework */,
				8219A18F1A622B3400933D54 /* libsqlite3.dylib */,
				8219A18D1A622B2A00933D54 /* libz.dylib */,
				8219A18B1A622B1F00933D54 /* SystemConfiguration.framework */,
				8219A1871A622B1200933D54 /* Social.framework */,
				8219A1851A622B0B00933D54 /* Security.framework */,
				8219A1831A622B0600933D54 /* QuartzCore.framework */,
				8219A1811A622AFE00933D54 /* MobileCoreServices.framework */,
				8219A17D1A622AF600933D54 /* CoreGraphics.framework */,
				8219A17E1A622AF600933D54 /* CoreLocation.framework */,
				8219A1771A622ADD00933D54 /* Accounts.framework */,
				8219A1781A622ADD00933D54 /* AudioToolbox.framework */,
				8219A1791A622ADD00933D54 /* CFNetwork.framework */,
				82BC50FC1A60F3E1002503F1 /* Bolts.framework */,
				82BC50FD1A60F3E1002503F1 /* Parse.framework */,
				82BC50FE1A60F3E1002503F1 /* ParseCrashReporting.framework */,
				82BC50FF1A60F3E1002503F1 /* ParseFacebookUtils.framework */,
				82BC51001A60F3E1002503F1 /* ParseUI.framework */,
			);
			name = Frameworks;
			sourceTree = "<group>";
		};
		E5050FF21A709FB700ACFF66 /* View Controllers */ = {
			isa = PBXGroup;
			children = (
				E511F9651A60ED9100C93E86 /* NewsViewController.swift */,
				E511F9671A60ED9100C93E86 /* MapViewController.swift */,
				82AE29D41A75A6A80004FDB3 /* ScheduleViewController.swift */,
				E56972E91A89B59F00791EBF /* MainNavigationController.swift */,
			);
			name = "View Controllers";
			sourceTree = "<group>";
		};
		E511F9551A60ED9100C93E86 = {
			isa = PBXGroup;
			children = (
				E511F9601A60ED9100C93E86 /* Neekon */,
				E511F95F1A60ED9100C93E86 /* Products */,
			);
			sourceTree = "<group>";
		};
		E511F95F1A60ED9100C93E86 /* Products */ = {
			isa = PBXGroup;
			children = (
				E511F95E1A60ED9100C93E86 /* neekon.app */,
			);
			name = Products;
			sourceTree = "<group>";
		};
		E511F9601A60ED9100C93E86 /* Neekon */ = {
			isa = PBXGroup;
			children = (
				E537AD3C1A8B357200275387 /* Snap */,
				E55CABD51A7894E400CF75E6 /* Views */,
				E5050FF21A709FB700ACFF66 /* View Controllers */,
				E511F9851A62FDE100C93E86 /* Data Objects */,
				E5CCE5EB1A89A5C1000BE6B8 /* Resources */,
				E511F9631A60ED9100C93E86 /* AppDelegate.swift */,
				82D8E75F1A89AF86008DA016 /* Globals.swift */,
				E511F9691A60ED9100C93E86 /* Main.storyboard */,
				E511F96C1A60ED9100C93E86 /* Images.xcassets */,
				E511F96E1A60ED9100C93E86 /* LaunchScreen.xib */,
				E5050FF11A709F9600ACFF66 /* Frameworks */,
				E511F9611A60ED9100C93E86 /* Supporting Files */,
			);
			path = Neekon;
			sourceTree = "<group>";
		};
		E511F9611A60ED9100C93E86 /* Supporting Files */ = {
			isa = PBXGroup;
			children = (
				E511F9621A60ED9100C93E86 /* Info.plist */,
			);
			name = "Supporting Files";
			sourceTree = "<group>";
		};
		E511F9851A62FDE100C93E86 /* Data Objects */ = {
			isa = PBXGroup;
			children = (
				E511F9861A62FE3C00C93E86 /* NewsObject.swift */,
				E511F9881A63008E00C93E86 /* EventInfoObject.swift */,
				E511F98A1A63011F00C93E86 /* MapObject.swift */,
				E59073101AE88446002C2787 /* ArtistObject.swift */,
				E59073121AE88701002C2787 /* EventObject.swift */,
				E59073141AE88A02002C2787 /* LocationObject.swift */,
			);
			name = "Data Objects";
			sourceTree = "<group>";
		};
		E537AD3C1A8B357200275387 /* Snap */ = {
			isa = PBXGroup;
			children = (
				E537AD3D1A8B357B00275387 /* View+Snap.swift */,
				E537AD3E1A8B357B00275387 /* ConstraintMaker.swift */,
				E537AD3F1A8B357B00275387 /* Constraint.swift */,
				E537AD401A8B357B00275387 /* ConstraintItem.swift */,
				E537AD411A8B357B00275387 /* ConstraintAttributes.swift */,
				E537AD421A8B357B00275387 /* ConstraintRelation.swift */,
				E537AD431A8B357B00275387 /* LayoutConstraint.swift */,
				E537AD441A8B357B00275387 /* EdgeInsets.swift */,
			);
			name = Snap;
			sourceTree = "<group>";
		};
		E55CABD51A7894E400CF75E6 /* Views */ = {
			isa = PBXGroup;
			children = (
				E55CABD61A7894F500CF75E6 /* NewsCell.swift */,
				82C4E96E1AAFD8F100CB0375 /* BorderButton.swift */,
				82BED9D01AF5E24B00F99682 /* EventCell.swift */,
			);
			name = Views;
			sourceTree = "<group>";
		};
		E5CCE5EB1A89A5C1000BE6B8 /* Resources */ = {
			isa = PBXGroup;
			children = (
				E52F8E161AB17551003269AC /* ggparkflyover@2x.jpg */,
				E5D384EE1AAFE1630066E9E3 /* cableCar1@2x.jpg */,
				E56972EF1A89C52100791EBF /* home-icon-active@2x.png */,
				E56972F01A89C52100791EBF /* home-icon@2x.png */,
				E56972F11A89C52100791EBF /* location-icon-active@2x.png */,
				E56972F21A89C52100791EBF /* location-icon@2x.png */,
				E56972F31A89C52100791EBF /* schedule-icon-active@2x.png */,
				E56972F41A89C52100791EBF /* schedule-icon@2x.png */,
				E56972EB1A89B92300791EBF /* navigation-top-bar-logo.png */,
				E56972ED1A89BC3C00791EBF /* home-BG.jpg */,
				E5CCE5EC1A89A662000BE6B8 /* LaunchScreen1.jpg */,
			);
			name = Resources;
			sourceTree = "<group>";
		};
/* End PBXGroup section */

/* Begin PBXNativeTarget section */
		E511F95D1A60ED9100C93E86 /* neekon */ = {
			isa = PBXNativeTarget;
			buildConfigurationList = E511F97F1A60ED9200C93E86 /* Build configuration list for PBXNativeTarget "neekon" */;
			buildPhases = (
				E511F95A1A60ED9100C93E86 /* Sources */,
				E511F95B1A60ED9100C93E86 /* Frameworks */,
				E511F95C1A60ED9100C93E86 /* Resources */,
			);
			buildRules = (
			);
			dependencies = (
			);
			name = neekon;
			productName = Neekon;
			productReference = E511F95E1A60ED9100C93E86 /* neekon.app */;
			productType = "com.apple.product-type.application";
		};
/* End PBXNativeTarget section */

/* Begin PBXProject section */
		E511F9561A60ED9100C93E86 /* Project object */ = {
			isa = PBXProject;
			attributes = {
				LastUpgradeCheck = 0620;
				ORGANIZATIONNAME = "Iranican Inc.";
				TargetAttributes = {
					E511F95D1A60ED9100C93E86 = {
						CreatedOnToolsVersion = 6.2;
						DevelopmentTeam = T55G7YB99F;
						SystemCapabilities = {
							com.apple.InAppPurchase = {
								enabled = 0;
							};
						};
					};
				};
			};
			buildConfigurationList = E511F9591A60ED9100C93E86 /* Build configuration list for PBXProject "Neekon" */;
			compatibilityVersion = "Xcode 3.2";
			developmentRegion = English;
			hasScannedForEncodings = 0;
			knownRegions = (
				en,
				Base,
			);
			mainGroup = E511F9551A60ED9100C93E86;
			productRefGroup = E511F95F1A60ED9100C93E86 /* Products */;
			projectDirPath = "";
			projectRoot = "";
			targets = (
				E511F95D1A60ED9100C93E86 /* neekon */,
			);
		};
/* End PBXProject section */

/* Begin PBXResourcesBuildPhase section */
		E511F95C1A60ED9100C93E86 /* Resources */ = {
			isa = PBXResourcesBuildPhase;
			buildActionMask = 2147483647;
			files = (
				E56972EC1A89B92300791EBF /* navigation-top-bar-logo.png in Resources */,
				E56972F71A89C52100791EBF /* location-icon-active@2x.png in Resources */,
				E56972F51A89C52100791EBF /* home-icon-active@2x.png in Resources */,
				E56972FA1A89C52100791EBF /* schedule-icon@2x.png in Resources */,
				E5CCE5ED1A89A662000BE6B8 /* LaunchScreen1.jpg in Resources */,
				E5D384EF1AAFE1630066E9E3 /* cableCar1@2x.jpg in Resources */,
				E511F96B1A60ED9100C93E86 /* Main.storyboard in Resources */,
				E56972F91A89C52100791EBF /* schedule-icon-active@2x.png in Resources */,
				E56972EE1A89BC3C00791EBF /* home-BG.jpg in Resources */,
				E511F9701A60ED9100C93E86 /* LaunchScreen.xib in Resources */,
				E56972F81A89C52100791EBF /* location-icon@2x.png in Resources */,
				E511F96D1A60ED9100C93E86 /* Images.xcassets in Resources */,
				E52F8E171AB17551003269AC /* ggparkflyover@2x.jpg in Resources */,
				E56972F61A89C52100791EBF /* home-icon@2x.png in Resources */,
			);
			runOnlyForDeploymentPostprocessing = 0;
		};
/* End PBXResourcesBuildPhase section */

/* Begin PBXSourcesBuildPhase section */
		E511F95A1A60ED9100C93E86 /* Sources */ = {
			isa = PBXSourcesBuildPhase;
			buildActionMask = 2147483647;
			files = (
				E56972EA1A89B59F00791EBF /* MainNavigationController.swift in Sources */,
				E511F9681A60ED9100C93E86 /* MapViewController.swift in Sources */,
				E537AD4C1A8B357B00275387 /* EdgeInsets.swift in Sources */,
				E511F9641A60ED9100C93E86 /* AppDelegate.swift in Sources */,
				E537AD491A8B357B00275387 /* ConstraintAttributes.swift in Sources */,
				E537AD451A8B357B00275387 /* View+Snap.swift in Sources */,
				E511F9661A60ED9100C93E86 /* NewsViewController.swift in Sources */,
				E59073111AE88446002C2787 /* ArtistObject.swift in Sources */,
				E537AD4A1A8B357B00275387 /* ConstraintRelation.swift in Sources */,
				E537AD461A8B357B00275387 /* ConstraintMaker.swift in Sources */,
				E511F98B1A63011F00C93E86 /* MapObject.swift in Sources */,
				E59073151AE88A02002C2787 /* LocationObject.swift in Sources */,
				E537AD481A8B357B00275387 /* ConstraintItem.swift in Sources */,
				E511F9871A62FE3C00C93E86 /* NewsObject.swift in Sources */,
				82C4E96F1AAFD8F100CB0375 /* BorderButton.swift in Sources */,
				82AE29D51A75A6A80004FDB3 /* ScheduleViewController.swift in Sources */,
				E55CABD71A7894F500CF75E6 /* NewsCell.swift in Sources */,
				E59073131AE88701002C2787 /* EventObject.swift in Sources */,
				E511F9891A63008E00C93E86 /* EventInfoObject.swift in Sources */,
				E537AD4B1A8B357B00275387 /* LayoutConstraint.swift in Sources */,
				82BED9D21AF5E24B00F99682 /* EventCell.swift in Sources */,
				82D8E7601A89AF86008DA016 /* Globals.swift in Sources */,
				E537AD471A8B357B00275387 /* Constraint.swift in Sources */,
			);
			runOnlyForDeploymentPostprocessing = 0;
		};
/* End PBXSourcesBuildPhase section */

/* Begin PBXVariantGroup section */
		E511F9691A60ED9100C93E86 /* Main.storyboard */ = {
			isa = PBXVariantGroup;
			children = (
				E511F96A1A60ED9100C93E86 /* Base */,
			);
			name = Main.storyboard;
			sourceTree = "<group>";
		};
		E511F96E1A60ED9100C93E86 /* LaunchScreen.xib */ = {
			isa = PBXVariantGroup;
			children = (
				E511F96F1A60ED9100C93E86 /* Base */,
			);
			name = LaunchScreen.xib;
			sourceTree = "<group>";
		};
/* End PBXVariantGroup section */

/* Begin XCBuildConfiguration section */
		E511F97D1A60ED9200C93E86 /* Debug */ = {
			isa = XCBuildConfiguration;
			buildSettings = {
				ALWAYS_SEARCH_USER_PATHS = NO;
				CLANG_CXX_LANGUAGE_STANDARD = "gnu++0x";
				CLANG_CXX_LIBRARY = "libc++";
				CLANG_ENABLE_MODULES = YES;
				CLANG_ENABLE_OBJC_ARC = YES;
				CLANG_WARN_BOOL_CONVERSION = YES;
				CLANG_WARN_CONSTANT_CONVERSION = YES;
				CLANG_WARN_DIRECT_OBJC_ISA_USAGE = YES_ERROR;
				CLANG_WARN_EMPTY_BODY = YES;
				CLANG_WARN_ENUM_CONVERSION = YES;
				CLANG_WARN_INT_CONVERSION = YES;
				CLANG_WARN_OBJC_ROOT_CLASS = YES_ERROR;
				CLANG_WARN_UNREACHABLE_CODE = YES;
				CLANG_WARN__DUPLICATE_METHOD_MATCH = YES;
				"CODE_SIGN_IDENTITY[sdk=iphoneos*]" = "iPhone Developer";
				COPY_PHASE_STRIP = NO;
				ENABLE_STRICT_OBJC_MSGSEND = YES;
				GCC_C_LANGUAGE_STANDARD = gnu99;
				GCC_DYNAMIC_NO_PIC = NO;
				GCC_OPTIMIZATION_LEVEL = 0;
				GCC_PREPROCESSOR_DEFINITIONS = (
					"DEBUG=1",
					"$(inherited)",
				);
				GCC_SYMBOLS_PRIVATE_EXTERN = NO;
				GCC_WARN_64_TO_32_BIT_CONVERSION = YES;
				GCC_WARN_ABOUT_RETURN_TYPE = YES_ERROR;
				GCC_WARN_UNDECLARED_SELECTOR = YES;
				GCC_WARN_UNINITIALIZED_AUTOS = YES_AGGRESSIVE;
				GCC_WARN_UNUSED_FUNCTION = YES;
				GCC_WARN_UNUSED_VARIABLE = YES;
				IPHONEOS_DEPLOYMENT_TARGET = 7.0;
				MTL_ENABLE_DEBUG_INFO = YES;
				ONLY_ACTIVE_ARCH = YES;
				SDKROOT = iphoneos;
				SWIFT_OPTIMIZATION_LEVEL = "-Onone";
			};
			name = Debug;
		};
		E511F97E1A60ED9200C93E86 /* Release */ = {
			isa = XCBuildConfiguration;
			buildSettings = {
				ALWAYS_SEARCH_USER_PATHS = NO;
				CLANG_CXX_LANGUAGE_STANDARD = "gnu++0x";
				CLANG_CXX_LIBRARY = "libc++";
				CLANG_ENABLE_MODULES = YES;
				CLANG_ENABLE_OBJC_ARC = YES;
				CLANG_WARN_BOOL_CONVERSION = YES;
				CLANG_WARN_CONSTANT_CONVERSION = YES;
				CLANG_WARN_DIRECT_OBJC_ISA_USAGE = YES_ERROR;
				CLANG_WARN_EMPTY_BODY = YES;
				CLANG_WARN_ENUM_CONVERSION = YES;
				CLANG_WARN_INT_CONVERSION = YES;
				CLANG_WARN_OBJC_ROOT_CLASS = YES_ERROR;
				CLANG_WARN_UNREACHABLE_CODE = YES;
				CLANG_WARN__DUPLICATE_METHOD_MATCH = YES;
				"CODE_SIGN_IDENTITY[sdk=iphoneos*]" = "iPhone Developer";
				COPY_PHASE_STRIP = NO;
				ENABLE_NS_ASSERTIONS = NO;
				ENABLE_STRICT_OBJC_MSGSEND = YES;
				GCC_C_LANGUAGE_STANDARD = gnu99;
				GCC_WARN_64_TO_32_BIT_CONVERSION = YES;
				GCC_WARN_ABOUT_RETURN_TYPE = YES_ERROR;
				GCC_WARN_UNDECLARED_SELECTOR = YES;
				GCC_WARN_UNINITIALIZED_AUTOS = YES_AGGRESSIVE;
				GCC_WARN_UNUSED_FUNCTION = YES;
				GCC_WARN_UNUSED_VARIABLE = YES;
				IPHONEOS_DEPLOYMENT_TARGET = 7.0;
				MTL_ENABLE_DEBUG_INFO = NO;
				SDKROOT = iphoneos;
				VALIDATE_PRODUCT = YES;
			};
			name = Release;
		};
		E511F9801A60ED9200C93E86 /* Debug */ = {
			isa = XCBuildConfiguration;
			buildSettings = {
				ASSETCATALOG_COMPILER_APPICON_NAME = AppIcon;
				CODE_SIGN_IDENTITY = "iPhone Developer";
				"CODE_SIGN_IDENTITY[sdk=iphoneos*]" = "iPhone Developer";
				FRAMEWORK_SEARCH_PATHS = (
					"$(inherited)",
					"$(PROJECT_DIR)/Frameworks",
				);
				INFOPLIST_FILE = Neekon/Info.plist;
				IPHONEOS_DEPLOYMENT_TARGET = 8.0;
				LD_RUNPATH_SEARCH_PATHS = "$(inherited) @executable_path/Frameworks";
				LIBRARY_SEARCH_PATHS = (
					"$(inherited)",
					"$(PROJECT_DIR)/Neekon",
				);
				PRODUCT_NAME = "$(TARGET_NAME)";
				PROVISIONING_PROFILE = "";
			};
			name = Debug;
		};
		E511F9811A60ED9200C93E86 /* Release */ = {
			isa = XCBuildConfiguration;
			buildSettings = {
				ASSETCATALOG_COMPILER_APPICON_NAME = AppIcon;
				CODE_SIGN_IDENTITY = "iPhone Developer";
				"CODE_SIGN_IDENTITY[sdk=iphoneos*]" = "iPhone Developer";
				FRAMEWORK_SEARCH_PATHS = (
					"$(inherited)",
					"$(PROJECT_DIR)/Frameworks",
				);
				INFOPLIST_FILE = Neekon/Info.plist;
				IPHONEOS_DEPLOYMENT_TARGET = 8.0;
				LD_RUNPATH_SEARCH_PATHS = "$(inherited) @executable_path/Frameworks";
				LIBRARY_SEARCH_PATHS = (
					"$(inherited)",
					"$(PROJECT_DIR)/Neekon",
				);
				PRODUCT_NAME = "$(TARGET_NAME)";
				PROVISIONING_PROFILE = "";
			};
			name = Release;
		};
/* End XCBuildConfiguration section */

/* Begin XCConfigurationList section */
		E511F9591A60ED9100C93E86 /* Build configuration list for PBXProject "Neekon" */ = {
			isa = XCConfigurationList;
			buildConfigurations = (
				E511F97D1A60ED9200C93E86 /* Debug */,
				E511F97E1A60ED9200C93E86 /* Release */,
			);
			defaultConfigurationIsVisible = 0;
			defaultConfigurationName = Release;
		};
		E511F97F1A60ED9200C93E86 /* Build configuration list for PBXNativeTarget "neekon" */ = {
			isa = XCConfigurationList;
			buildConfigurations = (
				E511F9801A60ED9200C93E86 /* Debug */,
				E511F9811A60ED9200C93E86 /* Release */,
			);
			defaultConfigurationIsVisible = 0;
			defaultConfigurationName = Release;
		};
/* End XCConfigurationList section */
	};
	rootObject = E511F9561A60ED9100C93E86 /* Project object */;
}
